lockfileVersion: 5.4

specifiers:
  '@iconify-json/mdi': ^1.1.34
  '@inertiajs/inertia': ^0.11.1
  '@inertiajs/inertia-vue3': ^0.6.0
  '@inertiajs/progress': ^0.2.7
  '@julr/unocss-preset-forms': ^0.0.2
  '@unocss/preset-attributify': ^0.46.3
  '@unocss/preset-icons': ^0.46.3
  '@unocss/preset-tagify': ^0.46.3
  '@unocss/preset-typography': ^0.46.3
  '@unocss/vite': ^0.46.3
  '@vitejs/plugin-vue': ^3.0.0
  alpinejs: ^3.4.2
  axios: ^1.1.2
  laravel-vite-plugin: ^0.6.0
  lodash: ^4.17.19
  unocss: ^0.46.3
  unocss-preset-extra: ^0.4.3
  unocss-preset-scrollbar: ^0.2.1
  vite: ^3.0.0
  vue: ^3.2.41

dependencies:
  '@julr/unocss-preset-forms': 0.0.2_unocss@0.46.3

devDependencies:
  '@iconify-json/mdi': 1.1.34
  '@inertiajs/inertia': 0.11.1
  '@inertiajs/inertia-vue3': 0.6.0_m5sjsav6s4ar2cvbvekxdhe7ku
  '@inertiajs/progress': 0.2.7_@inertiajs+inertia@0.11.1
  '@unocss/preset-attributify': 0.46.3
  '@unocss/preset-icons': 0.46.3
  '@unocss/preset-tagify': 0.46.3
  '@unocss/preset-typography': 0.46.3
  '@unocss/vite': 0.46.3_vite@3.2.3
  '@vitejs/plugin-vue': 3.2.0_vite@3.2.3+vue@3.2.42
  alpinejs: 3.10.5
  axios: 1.1.3
  laravel-vite-plugin: 0.6.1_vite@3.2.3
  lodash: 4.17.21
  unocss: 0.46.3_vite@3.2.3
  unocss-preset-extra: 0.4.3_unocss@0.46.3
  unocss-preset-scrollbar: 0.2.1_unocss@0.46.3
  vite: 3.2.3
  vue: 3.2.42

packages:

  /@ampproject/remapping/2.2.0:
    resolution: {integrity: sha512-qRmjj8nj9qmLTQXXmaR1cck3UXSRMPrbsLJAasZpF+t3riI71BXed5ebIOYwQntykeZuhjsdweEc9BxH5Jc26w==}
    engines: {node: '>=6.0.0'}
    dependencies:
      '@jridgewell/gen-mapping': 0.1.1
      '@jridgewell/trace-mapping': 0.3.17

  /@antfu/install-pkg/0.1.1:
    resolution: {integrity: sha512-LyB/8+bSfa0DFGC06zpCEfs89/XoWZwws5ygEa5D+Xsm3OfI+aXQ86VgVG7Acyef+rSZ5HE7J8rrxzrQeM3PjQ==}
    dependencies:
      execa: 5.1.1
      find-up: 5.0.0

  /@antfu/utils/0.5.2:
    resolution: {integrity: sha512-CQkeV+oJxUazwjlHD0/3ZD08QWKuGQkhnrKo3e6ly5pd48VUpXbb77q0xMU4+vc2CkJnDS02Eq/M9ugyX20XZA==}

  /@babel/helper-string-parser/7.19.4:
    resolution: {integrity: sha512-nHtDoQcuqFmwYNYPz3Rah5ph2p8PFeFCsZk9A/48dPc/rGocJ5J3hAAZ7pb76VWX3fZKu+uEr/FhH5jLx7umrw==}
    engines: {node: '>=6.9.0'}
    dev: true

  /@babel/helper-validator-identifier/7.19.1:
    resolution: {integrity: sha512-awrNfaMtnHUr653GgGEs++LlAvW6w+DcPrOliSMXWCKo597CwL5Acf/wWdNkf/tfEQE3mjkeD1YOVZOUV/od1w==}
    engines: {node: '>=6.9.0'}
    dev: true

  /@babel/parser/7.20.3:
    resolution: {integrity: sha512-OP/s5a94frIPXwjzEcv5S/tpQfc6XhxYUnmWpgdqMWGgYCuErA3SzozaRAMQgSZWKeTJxht9aWAkUY+0UzvOFg==}
    engines: {node: '>=6.0.0'}
    hasBin: true
    dependencies:
      '@babel/types': 7.20.2
    dev: true

  /@babel/types/7.20.2:
    resolution: {integrity: sha512-FnnvsNWgZCr232sqtXggapvlkk/tuwR/qhGzcmxI0GXLCjmPYQPzio2FbdlWuY6y1sHFfQKk+rRbUZ9VStQMog==}
    engines: {node: '>=6.9.0'}
    dependencies:
      '@babel/helper-string-parser': 7.19.4
      '@babel/helper-validator-identifier': 7.19.1
      to-fast-properties: 2.0.0
    dev: true

  /@esbuild/android-arm/0.15.13:
    resolution: {integrity: sha512-RY2fVI8O0iFUNvZirXaQ1vMvK0xhCcl0gqRj74Z6yEiO1zAUa7hbsdwZM1kzqbxHK7LFyMizipfXT3JME+12Hw==}
    engines: {node: '>=12'}
    cpu: [arm]
    os: [android]
    requiresBuild: true
    optional: true

  /@esbuild/linux-loong64/0.15.13:
    resolution: {integrity: sha512-+BoyIm4I8uJmH/QDIH0fu7MG0AEx9OXEDXnqptXCwKOlOqZiS4iraH1Nr7/ObLMokW3sOCeBNyD68ATcV9b9Ag==}
    engines: {node: '>=12'}
    cpu: [loong64]
    os: [linux]
    requiresBuild: true
    optional: true

  /@iconify-json/mdi/1.1.34:
    resolution: {integrity: sha512-Jle/BrVmaKMMPVitsO3lbJ8VpXUVCAhfMFAMo0VoxLDX8ZiKiQyVDHXPug9wGaXYb9mrFZE4UWVK63Cjx8L3rQ==}
    dependencies:
      '@iconify/types': 2.0.0
    dev: true

  /@iconify/types/2.0.0:
    resolution: {integrity: sha512-+wluvCrRhXrhyOmRDJ3q8mux9JkKy5SJ/v8ol2tu4FVjyYvtEzkc/3pK15ET6RKg4b4w4BmTk1+gsCUhf21Ykg==}

  /@iconify/utils/2.0.1:
    resolution: {integrity: sha512-t8IyICk25wgZL4YKn/2kYfjG5MGA6EWZlaUJZ1OEIku4V+kX9V900T5E4HIqS3hLyD6/RJET0zY4vxO9pHLHHw==}
    dependencies:
      '@antfu/install-pkg': 0.1.1
      '@antfu/utils': 0.5.2
      '@iconify/types': 2.0.0
      debug: 4.3.4
      kolorist: 1.6.0
      local-pkg: 0.4.2
    transitivePeerDependencies:
      - supports-color

  /@inertiajs/inertia-vue3/0.6.0_m5sjsav6s4ar2cvbvekxdhe7ku:
    resolution: {integrity: sha512-qhPBtd/G0VS7vVVbYw1rrqKB6JqRusxqt+5ec2GLmK6t7fTlBBnZ3KsakmGZLSM1m1OGkNcfn4ifmCk3zfA8RQ==}
    peerDependencies:
      '@inertiajs/inertia': ^0.11.0
      vue: ^3.0.0
    dependencies:
      '@inertiajs/inertia': 0.11.1
      lodash.clonedeep: 4.5.0
      lodash.isequal: 4.5.0
      vue: 3.2.42
    dev: true

  /@inertiajs/inertia/0.11.1:
    resolution: {integrity: sha512-btmV53c54oW4Z9XF0YyTdIUnM7ue0ONy3/KJOz6J1C5CYIwimiKfDMpz8ZbGJuxS+SPdOlNsqj2ZhlHslpJRZg==}
    dependencies:
      axios: 0.21.4
      deepmerge: 4.2.2
      qs: 6.11.0
    transitivePeerDependencies:
      - debug
    dev: true

  /@inertiajs/progress/0.2.7_@inertiajs+inertia@0.11.1:
    resolution: {integrity: sha512-zxadfLlBPIUvTE9g5k71V/Ayzo8P9kEp4hV4UKywCC2kURufxV7bycbZqU1GeMCFGDT+VRrjXNl676Pwwa1HoQ==}
    peerDependencies:
      '@inertiajs/inertia': ^0.6.0 || ^0.7.0 || ^0.8.0 || ^0.9.0 || ^0.10.0 || ^0.11.0
    dependencies:
      '@inertiajs/inertia': 0.11.1
      nprogress: 0.2.0
    dev: true

  /@jridgewell/gen-mapping/0.1.1:
    resolution: {integrity: sha512-sQXCasFk+U8lWYEe66WxRDOE9PjVz4vSM51fTu3Hw+ClTpUSQb718772vH3pyS5pShp6lvQM7SxgIDXXXmOX7w==}
    engines: {node: '>=6.0.0'}
    dependencies:
      '@jridgewell/set-array': 1.1.2
      '@jridgewell/sourcemap-codec': 1.4.14

  /@jridgewell/resolve-uri/3.1.0:
    resolution: {integrity: sha512-F2msla3tad+Mfht5cJq7LSXcdudKTWCVYUgw6pLFOOHSTtZlj6SWNYAp+AhuqLmWdBO2X5hPrLcu8cVP8fy28w==}
    engines: {node: '>=6.0.0'}

  /@jridgewell/set-array/1.1.2:
    resolution: {integrity: sha512-xnkseuNADM0gt2bs+BvhO0p78Mk762YnZdsuzFV018NoG1Sj1SCQvpSqa7XUaTam5vAGasABV9qXASMKnFMwMw==}
    engines: {node: '>=6.0.0'}

  /@jridgewell/sourcemap-codec/1.4.14:
    resolution: {integrity: sha512-XPSJHWmi394fuUuzDnGz1wiKqWfo1yXecHQMRf2l6hztTO+nPru658AyDngaBe7isIxEkRsPR3FZh+s7iVa4Uw==}

  /@jridgewell/trace-mapping/0.3.17:
    resolution: {integrity: sha512-MCNzAp77qzKca9+W/+I0+sEpaUnZoeasnghNeVc41VZCEKaCH73Vq3BZZ/SzWIgrqE4H4ceI+p+b6C0mHf9T4g==}
    dependencies:
      '@jridgewell/resolve-uri': 3.1.0
      '@jridgewell/sourcemap-codec': 1.4.14

  /@julr/unocss-preset-forms/0.0.2_unocss@0.46.3:
    resolution: {integrity: sha512-mg1SNeeKbLpP5GNtuRqKVuiaHkhjJW6Xto+PSoWrcKcIZwhWxCpoC1g7uEgPSM3iFrBBzD2aTT1NS6zr5+a77g==}
    engines: {node: '>=16'}
    peerDependencies:
      unocss: '>= 0.31.13 < 1'
    dependencies:
      mini-svg-data-uri: 1.4.4
      unocss: 0.46.3_vite@3.2.3
    dev: false

  /@nodelib/fs.scandir/2.1.5:
    resolution: {integrity: sha512-vq24Bq3ym5HEQm2NKCr3yXDwjc7vTsEThRDnkp2DK9p1uqLR+DHurm/NOTo0KG7HYHU7eppKZj3MyqYuMBf62g==}
    engines: {node: '>= 8'}
    dependencies:
      '@nodelib/fs.stat': 2.0.5
      run-parallel: 1.2.0

  /@nodelib/fs.stat/2.0.5:
    resolution: {integrity: sha512-RkhPPp2zrqDAQA/2jNhnztcPAlv64XdhIp7a7454A5ovI7Bukxgt7MX7udwAu3zg1DcpPU0rz3VV1SeaqvY4+A==}
    engines: {node: '>= 8'}

  /@nodelib/fs.walk/1.2.8:
    resolution: {integrity: sha512-oGB+UxlgWcgQkgwo8GcEGwemoTFt3FIO9ababBmaGwXIoBKZ+GTy0pP185beGg7Llih/NSHSV2XAs1lnznocSg==}
    engines: {node: '>= 8'}
    dependencies:
      '@nodelib/fs.scandir': 2.1.5
      fastq: 1.13.0

  /@polka/url/1.0.0-next.21:
    resolution: {integrity: sha512-a5Sab1C4/icpTZVzZc5Ghpz88yQtGOyNqYXcZgOssB2uuAr+wF/MvN6bgtW32q7HHrvBki+BsZ0OuNv6EV3K9g==}

  /@rollup/pluginutils/5.0.2:
    resolution: {integrity: sha512-pTd9rIsP92h+B6wWwFbW8RkZv4hiR/xKsqre4SIuAOaOEQRxi0lqLke9k2/7WegC85GgUs9pjmOjCUi3In4vwA==}
    engines: {node: '>=14.0.0'}
    peerDependencies:
      rollup: ^1.20.0||^2.0.0||^3.0.0
    peerDependenciesMeta:
      rollup:
        optional: true
    dependencies:
      '@types/estree': 1.0.0
      estree-walker: 2.0.2
      picomatch: 2.3.1

  /@types/estree/1.0.0:
    resolution: {integrity: sha512-WulqXMDUTYAXCjZnk6JtIHPigp55cVtDgDrO2gHRwhyJto21+1zbVCtOYB2L1F9w4qCQ0rOGWBnBe0FNTiEJIQ==}

  /@unocss/astro/0.46.3_vite@3.2.3:
    resolution: {integrity: sha512-3Of0VLh5TVWc5MXzAF+Ik/9XBDkaaUcbxKquAI6hMSehtcnGOpmmNLZNjOaBdLuFDFP4RJGZ9Kkp/MuSLPuHDQ==}
    dependencies:
      '@unocss/core': 0.46.3
      '@unocss/reset': 0.46.3
      '@unocss/vite': 0.46.3_vite@3.2.3
    transitivePeerDependencies:
      - rollup
      - vite

  /@unocss/cli/0.46.3:
    resolution: {integrity: sha512-sZju0nWDRMX4mNA5fryFj3EyC1vUruEsin6rpqKoW7khRCADV1edqsr7azIQRsDDfOAUld22BrJr1cBssKWn3Q==}
    engines: {node: '>=14'}
    hasBin: true
    dependencies:
      '@ampproject/remapping': 2.2.0
      '@rollup/pluginutils': 5.0.2
      '@unocss/config': 0.46.3
      '@unocss/core': 0.46.3
      '@unocss/preset-uno': 0.46.3
      cac: 6.7.14
      chokidar: 3.5.3
      colorette: 2.0.19
      consola: 2.15.3
      fast-glob: 3.2.12
      magic-string: 0.26.7
      pathe: 0.3.9
      perfect-debounce: 0.1.3
    transitivePeerDependencies:
      - rollup

  /@unocss/config/0.46.3:
    resolution: {integrity: sha512-eecCWGeKMGVa2by0Q8xDugQLWwpA1BYP3ZORx/LYJHUDhh3aGHgf5GA6EHc97ITg3p5dK3RZSZMZnxjy5aunpg==}
    engines: {node: '>=14'}
    dependencies:
      '@unocss/core': 0.46.3
      unconfig: 0.3.7

  /@unocss/core/0.31.17:
    resolution: {integrity: sha512-DJ3Uk2ePVXvV1qQmgoLK44aqB6f0s+naOEvouI97nzVXDZgxDQPBxIPB/L4vvE4U+gQxEiHwwE3gJ75iPqVzXw==}
    dev: true

  /@unocss/core/0.46.3:
    resolution: {integrity: sha512-Wcyuw9KlFgxKz/QDJ+bNnQyI0h+LAWOpZWTkRQiDh1OxzLzYrBR3ljhtZe0tymKQRzQqUSpV5iBWOxJ8raJW1w==}

  /@unocss/inspector/0.46.3:
    resolution: {integrity: sha512-WVcDTzORo7dZO7clEwzC19ENr7aLM2CsGsh75ofYiyZs2iYHvgnuZRspKv7SeXSjf4b49O0Xa9sDov7neTlMfA==}
    dependencies:
      gzip-size: 6.0.0
      sirv: 2.0.2

  /@unocss/preset-attributify/0.46.3:
    resolution: {integrity: sha512-vOXHFQlSZU5QLchiGKKdwz/dDS7zH6xZlxEcwdWHxzpl+kd1RfryRFa0N7MiS/6i++ko6Whr53pUyb0etafKgw==}
    dependencies:
      '@unocss/core': 0.46.3

  /@unocss/preset-icons/0.46.3:
    resolution: {integrity: sha512-n0i4LQzj7nKZ/2MF1OH5srjDbqMec3EJZdAKIFKLohuBCpEzddRlC2rZzMdP6KCYyuxg4eJ0EIEuXgX7tWHu+Q==}
    dependencies:
      '@iconify/utils': 2.0.1
      '@unocss/core': 0.46.3
      ohmyfetch: 0.4.21
    transitivePeerDependencies:
      - supports-color

  /@unocss/preset-mini/0.31.17:
    resolution: {integrity: sha512-gVgMTOKLt3O1ym348QIBmR5sS9W0Ozkk5xelhH6e0VXcpg0dXDPDrl4hFErMy4x6IB86yyJG6Dz5JhcwQB13Ig==}
    dependencies:
      '@unocss/core': 0.31.17
    dev: true

  /@unocss/preset-mini/0.46.3:
    resolution: {integrity: sha512-Z9pQWYi12M+Pu/3F9OYTefcJpcZkdLAtQ7ibg1PAkL06Ua24qH8KRBhTALQr9enn4yTqpCt4OsK3KtMGp84dhw==}
    dependencies:
      '@unocss/core': 0.46.3

  /@unocss/preset-tagify/0.46.3:
    resolution: {integrity: sha512-u8YJEPHM0Mxd8kWaM2+IfRKBRk3KxCghOVzYo2+/1ez+c+A1LZIduLwjmN/Tb7BxR/awNfOmC59kxxx0fIT1PQ==}
    dependencies:
      '@unocss/core': 0.46.3

  /@unocss/preset-typography/0.46.3:
    resolution: {integrity: sha512-o9a1QMRlCL7/9wR2FwL+ncb4ITh8nCQUCQk+yhvP8/89afn+jmpLajccDX03THcR9s3rByp1/TnuyRrJoUer+A==}
    dependencies:
      '@unocss/core': 0.46.3

  /@unocss/preset-uno/0.46.3:
    resolution: {integrity: sha512-MxRDodapsIV31z5/M7yhd/rxjtj7k8Z3kZROTSfTuRma9oD4e3Z6Q3GGUcn+dkgJmYDLTW61fbQf+ntOMlVcjg==}
    dependencies:
      '@unocss/core': 0.46.3
      '@unocss/preset-mini': 0.46.3
      '@unocss/preset-wind': 0.46.3

  /@unocss/preset-web-fonts/0.46.3:
    resolution: {integrity: sha512-sY3pGJ4CUVOiIhX4foq5t5nd7NIcSq1Xa6jUS4Bf/pt0Nn9fyP5uRUgwXT0EXler2uF+Xq8JS9iNUA/dwmD9kg==}
    dependencies:
      '@unocss/core': 0.46.3
      ohmyfetch: 0.4.21

  /@unocss/preset-wind/0.46.3:
    resolution: {integrity: sha512-qI9Ta4NIL2SBJ3UlBJAB72FBAe2czOkX0EvlsY+9DxlB2l1orBJy2n5EksbtAu0dk+RSxlk2E1zfXfV02ngqmA==}
    dependencies:
      '@unocss/core': 0.46.3
      '@unocss/preset-mini': 0.46.3

  /@unocss/reset/0.46.3:
    resolution: {integrity: sha512-Jb9zx3h5IPVjSAyW+cLq+/cyeTcExtRaK+Jd7Zjcw6LhgeY5uFeEAQPoFVLCX8az7BXO6FQD3cAmWvl/yogAOA==}

  /@unocss/scope/0.46.3:
    resolution: {integrity: sha512-oL8dC7vuy3Z76JTmrrJGMdNaojTPSwNnspaNQrGXydqLj/jwKAsLN2GeJi0FHvsnC1vicHjXhBRJ1uNQvwm/bQ==}

  /@unocss/transformer-attributify-jsx/0.46.3:
    resolution: {integrity: sha512-VW0gNAtSGkWz4LpviFVnOuGHJkhzPdj05OFVwYBBtPDI52rnx0pg0Nfu6epYwK9EfcdHLsmtJ3Bz3Jr1ldWAfg==}
    dependencies:
      '@unocss/core': 0.46.3

  /@unocss/transformer-compile-class/0.46.3:
    resolution: {integrity: sha512-TFtfSAxjX5x1mbQT3EqbmW2X9lDgKUEp134sdX44SO09VA5UZDpg/i+iI5adMr8h44c76S5HOqoLGEKgirT51w==}
    dependencies:
      '@unocss/core': 0.46.3

  /@unocss/transformer-directives/0.46.3:
    resolution: {integrity: sha512-9h5HZ7JJco6Hk6M6Gp3e+n5+s9reMRv6zPWeoTG7Y3gzHDbYDjQgaoCi7+6fPQ9642zN2WsAIsIm7r1gVpYveQ==}
    dependencies:
      '@unocss/core': 0.46.3
      css-tree: 2.2.1

  /@unocss/transformer-variant-group/0.46.3:
    resolution: {integrity: sha512-OdOREPMEo0D2tKaJa53CYoriKUIhjNCaBwr/0XGOamDwfYclt3+YyZ92AhpQIfqrdNbzlaBArjWGXMLjGLI1OA==}
    dependencies:
      '@unocss/core': 0.46.3

  /@unocss/vite/0.46.3_vite@3.2.3:
    resolution: {integrity: sha512-LCq3olCaRTheit6s5oE6x9/BlODpdG5K5CJ44GP7UZei3SuHOAKkbHNq7tanmMXc1jvIUre8HOeIKhARcA5Bwg==}
    peerDependencies:
      vite: ^2.9.0 || ^3.0.0-0
    dependencies:
      '@ampproject/remapping': 2.2.0
      '@rollup/pluginutils': 5.0.2
      '@unocss/config': 0.46.3
      '@unocss/core': 0.46.3
      '@unocss/inspector': 0.46.3
      '@unocss/scope': 0.46.3
      '@unocss/transformer-directives': 0.46.3
      magic-string: 0.26.7
      vite: 3.2.3
    transitivePeerDependencies:
      - rollup

  /@vitejs/plugin-vue/3.2.0_vite@3.2.3+vue@3.2.42:
    resolution: {integrity: sha512-E0tnaL4fr+qkdCNxJ+Xd0yM31UwMkQje76fsDVBBUCoGOUPexu2VDUYHL8P4CwV+zMvWw6nlRw19OnRKmYAJpw==}
    engines: {node: ^14.18.0 || >=16.0.0}
    peerDependencies:
      vite: ^3.0.0
      vue: ^3.2.25
    dependencies:
      vite: 3.2.3
      vue: 3.2.42
    dev: true

  /@vue/compiler-core/3.2.42:
    resolution: {integrity: sha512-qKpDdoGaKq53T1+U4R7pk62QeDe8Kc6RN1xSd7tGi4DK3mGrqT32gyOL542wpt73Ftza0AvWmVCchmKtTpwxDg==}
    dependencies:
      '@babel/parser': 7.20.3
      '@vue/shared': 3.2.42
      estree-walker: 2.0.2
      source-map: 0.6.1
    dev: true

  /@vue/compiler-dom/3.2.42:
    resolution: {integrity: sha512-QVrAVX9zzvLltyQy1uxxgOmsKLStFalw0f/8HEdWIR95YjJsNo3S3SwBJDR2cnjwcVGftXBLksf1ikMyAl8bUw==}
    dependencies:
      '@vue/compiler-core': 3.2.42
      '@vue/shared': 3.2.42
    dev: true

  /@vue/compiler-sfc/3.2.42:
    resolution: {integrity: sha512-lWiyxMfQ3SXGhFszSpKuPT5JcSM1ypAbLJOpHpCqvbSaJE+FAZYMbFzAC/y4MC3jSbNQ0moWncOS1gO4aXMbNQ==}
    dependencies:
      '@babel/parser': 7.20.3
      '@vue/compiler-core': 3.2.42
      '@vue/compiler-dom': 3.2.42
      '@vue/compiler-ssr': 3.2.42
      '@vue/reactivity-transform': 3.2.42
      '@vue/shared': 3.2.42
      estree-walker: 2.0.2
      magic-string: 0.25.9
      postcss: 8.4.18
      source-map: 0.6.1
    dev: true

  /@vue/compiler-ssr/3.2.42:
    resolution: {integrity: sha512-2Q0IclcvsX1A8N8/M7Ub32gitdnKdsjRHdj6R3Z/HGW34CXGsb4tHzjthOuT5fiyPG+CzyyAn4HiqCN8oI4iqg==}
    dependencies:
      '@vue/compiler-dom': 3.2.42
      '@vue/shared': 3.2.42
    dev: true

  /@vue/reactivity-transform/3.2.42:
    resolution: {integrity: sha512-u5Qp09PCGa0yJqfbHbJXDfm9BrNx5xYtHIl5CuWbnUtBAxr8vKRjMZmFpa4CmSufixWcbwvKvSD9weamEVbfeA==}
    dependencies:
      '@babel/parser': 7.20.3
      '@vue/compiler-core': 3.2.42
      '@vue/shared': 3.2.42
      estree-walker: 2.0.2
      magic-string: 0.25.9
    dev: true

  /@vue/reactivity/3.1.5:
    resolution: {integrity: sha512-1tdfLmNjWG6t/CsPldh+foumYFo3cpyCHgBYQ34ylaMsJ+SNHQ1kApMIa8jN+i593zQuaw3AdWH0nJTARzCFhg==}
    dependencies:
      '@vue/shared': 3.1.5
    dev: true

  /@vue/reactivity/3.2.42:
    resolution: {integrity: sha512-X30I+iS7d6c8DZDY7SqahkTRN2THfnkNtf0oCUktuk2gTKRxNOzaARItSmsPKLC7UVUG61Hne8Si3wtQBBDj+A==}
    dependencies:
      '@vue/shared': 3.2.42
    dev: true

  /@vue/runtime-core/3.2.42:
    resolution: {integrity: sha512-9JCPD4k/p4eXXc5ja+YcYwGu+ES9BIgoVty7UlOMEG0Bdz7awxxY78PXIHg1b7HlxQuUdGq6r3COg1cyvDrRCw==}
    dependencies:
      '@vue/reactivity': 3.2.42
      '@vue/shared': 3.2.42
    dev: true

  /@vue/runtime-dom/3.2.42:
    resolution: {integrity: sha512-i4OZblZQvFjJ/isNo+jrqXsjJgq4Nz0R/W2iNu40pTLJrikijYPaUOcOJcjVih9eL7zz101RJsbP8zKluQLqRA==}
    dependencies:
      '@vue/runtime-core': 3.2.42
      '@vue/shared': 3.2.42
      csstype: 2.6.21
    dev: true

  /@vue/server-renderer/3.2.42_vue@3.2.42:
    resolution: {integrity: sha512-xo6XMaJTuKmYRlnS53QN358j0pmZMFNtisLkzV7oXFww0bpkn2MzjkPt4YvOjMNto9NlI609xQKJboEk5nMu2A==}
    peerDependencies:
      vue: 3.2.42
    dependencies:
      '@vue/compiler-ssr': 3.2.42
      '@vue/shared': 3.2.42
      vue: 3.2.42
    dev: true

  /@vue/shared/3.1.5:
    resolution: {integrity: sha512-oJ4F3TnvpXaQwZJNF3ZK+kLPHKarDmJjJ6jyzVNDKH9md1dptjC7lWR//jrGuLdek/U6iltWxqAnYOu8gCiOvA==}
    dev: true

  /@vue/shared/3.2.42:
    resolution: {integrity: sha512-cheJw3tpW34LWVUL3fySuwCmF1/gFBHWZ3WjmMcBIHMcnKrS/SRapvkbYWzyw5FiM8OcpYHO5e7hWYOFCsyHmA==}
    dev: true

  /alpinejs/3.10.5:
    resolution: {integrity: sha512-qlvnal44Gof2XVfm/lef8fYpXKxR9fjdSki7aFB/9THyFvbsRKZ6lM5SjxXpIs7B0faJt7bgpK2K25gzrraXJw==}
    dependencies:
      '@vue/reactivity': 3.1.5
    dev: true

  /anymatch/3.1.2:
    resolution: {integrity: sha512-P43ePfOAIupkguHUycrc4qJ9kz8ZiuOUijaETwX7THt0Y/GNK7v0aa8rY816xWjZ7rJdA5XdMcpVFTKMq+RvWg==}
    engines: {node: '>= 8'}
    dependencies:
      normalize-path: 3.0.0
      picomatch: 2.3.1

  /asynckit/0.4.0:
    resolution: {integrity: sha512-Oei9OH4tRh0YqU3GxhX79dM/mwVgvbZJaSNaRk+bshkj0S5cfHcgYakreBjrHwatXKbz+IoIdYLxrKim2MjW0Q==}
    dev: true

  /axios/0.21.4:
    resolution: {integrity: sha512-ut5vewkiu8jjGBdqpM44XxjuCjq9LAKeHVmoVfHVzy8eHgxxq8SbAVQNovDA8mVi05kP0Ea/n/UzcSHcTJQfNg==}
    dependencies:
      follow-redirects: 1.15.2
    transitivePeerDependencies:
      - debug
    dev: true

  /axios/1.1.3:
    resolution: {integrity: sha512-00tXVRwKx/FZr/IDVFt4C+f9FYairX517WoGCL6dpOntqLkZofjhu43F/Xl44UOpqa+9sLFDrG/XAnFsUYgkDA==}
    dependencies:
      follow-redirects: 1.15.2
      form-data: 4.0.0
      proxy-from-env: 1.1.0
    transitivePeerDependencies:
      - debug
    dev: true

  /binary-extensions/2.2.0:
    resolution: {integrity: sha512-jDctJ/IVQbZoJykoeHbhXpOlNBqGNcwXJKJog42E5HDPUwQTSdjCHdihjj0DlnheQ7blbT6dHOafNAiS8ooQKA==}
    engines: {node: '>=8'}

  /braces/3.0.2:
    resolution: {integrity: sha512-b8um+L1RzM3WDSzvhm6gIz1yfTbBt6YTlcEKAvsmqCZZFw46z626lVj9j1yEPW33H5H+lBQpZMP1k8l+78Ha0A==}
    engines: {node: '>=8'}
    dependencies:
      fill-range: 7.0.1

  /busboy/1.6.0:
    resolution: {integrity: sha512-8SFQbg/0hQ9xy3UNTB0YEnsNBbWfhf7RtnzpL7TkBiTBRfrQ9Fxcnz7VJsleJpyp6rVLvXiuORqjlHi5q+PYuA==}
    engines: {node: '>=10.16.0'}
    dependencies:
      streamsearch: 1.1.0

  /cac/6.7.14:
    resolution: {integrity: sha512-b6Ilus+c3RrdDk+JhLKUAQfzzgLEPy6wcXqS7f/xe1EETvsDP6GORG7SFuOs6cID5YkqchW/LXZbX5bc8j7ZcQ==}
    engines: {node: '>=8'}

  /call-bind/1.0.2:
    resolution: {integrity: sha512-7O+FbCihrB5WGbFYesctwmTKae6rOiIzmz1icreWJ+0aA7LJfuqhEso2T9ncpcFtzMQtzXf2QGGueWJGTYsqrA==}
    dependencies:
      function-bind: 1.1.1
      get-intrinsic: 1.1.3
    dev: true

  /chokidar/3.5.3:
    resolution: {integrity: sha512-Dr3sfKRP6oTcjf2JmUmFJfeVMvXBdegxB0iVQ5eb2V10uFJUCAS8OByZdVAyVb8xXNz3GjjTgj9kLWsZTqE6kw==}
    engines: {node: '>= 8.10.0'}
    dependencies:
      anymatch: 3.1.2
      braces: 3.0.2
      glob-parent: 5.1.2
      is-binary-path: 2.1.0
      is-glob: 4.0.3
      normalize-path: 3.0.0
      readdirp: 3.6.0
    optionalDependencies:
      fsevents: 2.3.2

  /colorette/2.0.19:
    resolution: {integrity: sha512-3tlv/dIP7FWvj3BsbHrGLJ6l/oKh1O3TcgBqMn+yyCagOxc23fyzDS6HypQbgxWbkpDnf52p1LuR4eWDQ/K9WQ==}

  /combined-stream/1.0.8:
    resolution: {integrity: sha512-FQN4MRfuJeHf7cBbBMJFXhKSDq+2kAArBlmRBvcvFE5BB1HZKXtSFASDhdlz9zOYwxh8lDdnvmMOe/+5cdoEdg==}
    engines: {node: '>= 0.8'}
    dependencies:
      delayed-stream: 1.0.0
    dev: true

  /consola/2.15.3:
    resolution: {integrity: sha512-9vAdYbHj6x2fLKC4+oPH0kFzY/orMZyG2Aj+kNylHxKGJ/Ed4dpNyAQYwJOdqO4zdM7XpVHmyejQDcQHrnuXbw==}

  /cross-spawn/7.0.3:
    resolution: {integrity: sha512-iRDPJKUPVEND7dHPO8rkbOnPpyDygcDFtWjpeWNCgy8WP2rXcxXL8TskReQl6OrB2G7+UJrags1q15Fudc7G6w==}
    engines: {node: '>= 8'}
    dependencies:
      path-key: 3.1.1
      shebang-command: 2.0.0
      which: 2.0.2

  /css-tree/2.2.1:
    resolution: {integrity: sha512-OA0mILzGc1kCOCSJerOeqDxDQ4HOh+G8NbOJFOTgOCzpw7fCBubk0fEyxp8AgOL/jvLgYA/uV0cMbe43ElF1JA==}
    engines: {node: ^10 || ^12.20.0 || ^14.13.0 || >=15.0.0, npm: '>=7.0.0'}
    dependencies:
      mdn-data: 2.0.28
      source-map-js: 1.0.2

  /csstype/2.6.21:
    resolution: {integrity: sha512-Z1PhmomIfypOpoMjRQB70jfvy/wxT50qW08YXO5lMIJkrdq4yOTR+AW7FqutScmB9NkLwxo+jU+kZLbofZZq/w==}
    dev: true

  /debug/4.3.4:
    resolution: {integrity: sha512-PRWFHuSU3eDtQJPvnNY7Jcket1j0t5OuOsFzPPzsekD52Zl8qUfFIPEiswXqIvHWGVHOgX+7G/vCNNhehwxfkQ==}
    engines: {node: '>=6.0'}
    peerDependencies:
      supports-color: '*'
    peerDependenciesMeta:
      supports-color:
        optional: true
    dependencies:
      ms: 2.1.2

  /deepmerge/4.2.2:
    resolution: {integrity: sha512-FJ3UgI4gIl+PHZm53knsuSFpE+nESMr7M4v9QcgB7S63Kj/6WqMiFQJpBBYz1Pt+66bZpP3Q7Lye0Oo9MPKEdg==}
    engines: {node: '>=0.10.0'}
    dev: true

  /defu/6.1.0:
    resolution: {integrity: sha512-pOFYRTIhoKujrmbTRhcW5lYQLBXw/dlTwfI8IguF1QCDJOcJzNH1w+YFjxqy6BAuJrClTy6MUE8q+oKJ2FLsIw==}

  /delayed-stream/1.0.0:
    resolution: {integrity: sha512-ZySD7Nf91aLB0RxL4KGrKHBXl7Eds1DAmEdcoVawXnLD7SDhpNgtuII2aAkg7a7QS41jxPSZ17p4VdGnMHk3MQ==}
    engines: {node: '>=0.4.0'}
    dev: true

  /destr/1.2.0:
    resolution: {integrity: sha512-JG+cG4ZPB1L27sl2C2URg8MIOmIUtTbE5wEx02BpmrTCqg/hXxFKXsYsnODl5PdpqNRaS1KQGUQ56V8jk8XpYQ==}

  /duplexer/0.1.2:
    resolution: {integrity: sha512-jtD6YG370ZCIi/9GTaJKQxWTZD045+4R4hTk/x1UyoqadyJ9x9CgSi1RlVDQF8U2sxLLSnFkCaMihqljHIWgMg==}

  /esbuild-android-64/0.15.13:
    resolution: {integrity: sha512-yRorukXBlokwTip+Sy4MYskLhJsO0Kn0/Fj43s1krVblfwP+hMD37a4Wmg139GEsMLl+vh8WXp2mq/cTA9J97g==}
    engines: {node: '>=12'}
    cpu: [x64]
    os: [android]
    requiresBuild: true
    optional: true

  /esbuild-android-arm64/0.15.13:
    resolution: {integrity: sha512-TKzyymLD6PiVeyYa4c5wdPw87BeAiTXNtK6amWUcXZxkV51gOk5u5qzmDaYSwiWeecSNHamFsaFjLoi32QR5/w==}
    engines: {node: '>=12'}
    cpu: [arm64]
    os: [android]
    requiresBuild: true
    optional: true

  /esbuild-darwin-64/0.15.13:
    resolution: {integrity: sha512-WAx7c2DaOS6CrRcoYCgXgkXDliLnFv3pQLV6GeW1YcGEZq2Gnl8s9Pg7ahValZkpOa0iE/ojRVQ87sbUhF1Cbg==}
    engines: {node: '>=12'}
    cpu: [x64]
    os: [darwin]
    requiresBuild: true
    optional: true

  /esbuild-darwin-arm64/0.15.13:
    resolution: {integrity: sha512-U6jFsPfSSxC3V1CLiQqwvDuj3GGrtQNB3P3nNC3+q99EKf94UGpsG9l4CQ83zBs1NHrk1rtCSYT0+KfK5LsD8A==}
    engines: {node: '>=12'}
    cpu: [arm64]
    os: [darwin]
    requiresBuild: true
    optional: true

  /esbuild-freebsd-64/0.15.13:
    resolution: {integrity: sha512-whItJgDiOXaDG/idy75qqevIpZjnReZkMGCgQaBWZuKHoElDJC1rh7MpoUgupMcdfOd+PgdEwNQW9DAE6i8wyA==}
    engines: {node: '>=12'}
    cpu: [x64]
    os: [freebsd]
    requiresBuild: true
    optional: true

  /esbuild-freebsd-arm64/0.15.13:
    resolution: {integrity: sha512-6pCSWt8mLUbPtygv7cufV0sZLeylaMwS5Fznj6Rsx9G2AJJsAjQ9ifA+0rQEIg7DwJmi9it+WjzNTEAzzdoM3Q==}
    engines: {node: '>=12'}
    cpu: [arm64]
    os: [freebsd]
    requiresBuild: true
    optional: true

  /esbuild-linux-32/0.15.13:
    resolution: {integrity: sha512-VbZdWOEdrJiYApm2kkxoTOgsoCO1krBZ3quHdYk3g3ivWaMwNIVPIfEE0f0XQQ0u5pJtBsnk2/7OPiCFIPOe/w==}
    engines: {node: '>=12'}
    cpu: [ia32]
    os: [linux]
    requiresBuild: true
    optional: true

  /esbuild-linux-64/0.15.13:
    resolution: {integrity: sha512-rXmnArVNio6yANSqDQlIO4WiP+Cv7+9EuAHNnag7rByAqFVuRusLbGi2697A5dFPNXoO//IiogVwi3AdcfPC6A==}
    engines: {node: '>=12'}
    cpu: [x64]
    os: [linux]
    requiresBuild: true
    optional: true

  /esbuild-linux-arm/0.15.13:
    resolution: {integrity: sha512-Ac6LpfmJO8WhCMQmO253xX2IU2B3wPDbl4IvR0hnqcPrdfCaUa2j/lLMGTjmQ4W5JsJIdHEdW12dG8lFS0MbxQ==}
    engines: {node: '>=12'}
    cpu: [arm]
    os: [linux]
    requiresBuild: true
    optional: true

  /esbuild-linux-arm64/0.15.13:
    resolution: {integrity: sha512-alEMGU4Z+d17U7KQQw2IV8tQycO6T+rOrgW8OS22Ua25x6kHxoG6Ngry6Aq6uranC+pNWNMB6aHFPh7aTQdORQ==}
    engines: {node: '>=12'}
    cpu: [arm64]
    os: [linux]
    requiresBuild: true
    optional: true

  /esbuild-linux-mips64le/0.15.13:
    resolution: {integrity: sha512-47PgmyYEu+yN5rD/MbwS6DxP2FSGPo4Uxg5LwIdxTiyGC2XKwHhHyW7YYEDlSuXLQXEdTO7mYe8zQ74czP7W8A==}
    engines: {node: '>=12'}
    cpu: [mips64el]
    os: [linux]
    requiresBuild: true
    optional: true

  /esbuild-linux-ppc64le/0.15.13:
    resolution: {integrity: sha512-z6n28h2+PC1Ayle9DjKoBRcx/4cxHoOa2e689e2aDJSaKug3jXcQw7mM+GLg+9ydYoNzj8QxNL8ihOv/OnezhA==}
    engines: {node: '>=12'}
    cpu: [ppc64]
    os: [linux]
    requiresBuild: true
    optional: true

  /esbuild-linux-riscv64/0.15.13:
    resolution: {integrity: sha512-+Lu4zuuXuQhgLUGyZloWCqTslcCAjMZH1k3Xc9MSEJEpEFdpsSU0sRDXAnk18FKOfEjhu4YMGaykx9xjtpA6ow==}
    engines: {node: '>=12'}
    cpu: [riscv64]
    os: [linux]
    requiresBuild: true
    optional: true

  /esbuild-linux-s390x/0.15.13:
    resolution: {integrity: sha512-BMeXRljruf7J0TMxD5CIXS65y7puiZkAh+s4XFV9qy16SxOuMhxhVIXYLnbdfLrsYGFzx7U9mcdpFWkkvy/Uag==}
    engines: {node: '>=12'}
    cpu: [s390x]
    os: [linux]
    requiresBuild: true
    optional: true

  /esbuild-netbsd-64/0.15.13:
    resolution: {integrity: sha512-EHj9QZOTel581JPj7UO3xYbltFTYnHy+SIqJVq6yd3KkCrsHRbapiPb0Lx3EOOtybBEE9EyqbmfW1NlSDsSzvQ==}
    engines: {node: '>=12'}
    cpu: [x64]
    os: [netbsd]
    requiresBuild: true
    optional: true

  /esbuild-openbsd-64/0.15.13:
    resolution: {integrity: sha512-nkuDlIjF/sfUhfx8SKq0+U+Fgx5K9JcPq1mUodnxI0x4kBdCv46rOGWbuJ6eof2n3wdoCLccOoJAbg9ba/bT2w==}
    engines: {node: '>=12'}
    cpu: [x64]
    os: [openbsd]
    requiresBuild: true
    optional: true

  /esbuild-sunos-64/0.15.13:
    resolution: {integrity: sha512-jVeu2GfxZQ++6lRdY43CS0Tm/r4WuQQ0Pdsrxbw+aOrHQPHV0+LNOLnvbN28M7BSUGnJnHkHm2HozGgNGyeIRw==}
    engines: {node: '>=12'}
    cpu: [x64]
    os: [sunos]
    requiresBuild: true
    optional: true

  /esbuild-windows-32/0.15.13:
    resolution: {integrity: sha512-XoF2iBf0wnqo16SDq+aDGi/+QbaLFpkiRarPVssMh9KYbFNCqPLlGAWwDvxEVz+ywX6Si37J2AKm+AXq1kC0JA==}
    engines: {node: '>=12'}
    cpu: [ia32]
    os: [win32]
    requiresBuild: true
    optional: true

  /esbuild-windows-64/0.15.13:
    resolution: {integrity: sha512-Et6htEfGycjDrtqb2ng6nT+baesZPYQIW+HUEHK4D1ncggNrDNk3yoboYQ5KtiVrw/JaDMNttz8rrPubV/fvPQ==}
    engines: {node: '>=12'}
    cpu: [x64]
    os: [win32]
    requiresBuild: true
    optional: true

  /esbuild-windows-arm64/0.15.13:
    resolution: {integrity: sha512-3bv7tqntThQC9SWLRouMDmZnlOukBhOCTlkzNqzGCmrkCJI7io5LLjwJBOVY6kOUlIvdxbooNZwjtBvj+7uuVg==}
    engines: {node: '>=12'}
    cpu: [arm64]
    os: [win32]
    requiresBuild: true
    optional: true

  /esbuild/0.15.13:
    resolution: {integrity: sha512-Cu3SC84oyzzhrK/YyN4iEVy2jZu5t2fz66HEOShHURcjSkOSAVL8C/gfUT+lDJxkVHpg8GZ10DD0rMHRPqMFaQ==}
    engines: {node: '>=12'}
    hasBin: true
    requiresBuild: true
    optionalDependencies:
      '@esbuild/android-arm': 0.15.13
      '@esbuild/linux-loong64': 0.15.13
      esbuild-android-64: 0.15.13
      esbuild-android-arm64: 0.15.13
      esbuild-darwin-64: 0.15.13
      esbuild-darwin-arm64: 0.15.13
      esbuild-freebsd-64: 0.15.13
      esbuild-freebsd-arm64: 0.15.13
      esbuild-linux-32: 0.15.13
      esbuild-linux-64: 0.15.13
      esbuild-linux-arm: 0.15.13
      esbuild-linux-arm64: 0.15.13
      esbuild-linux-mips64le: 0.15.13
      esbuild-linux-ppc64le: 0.15.13
      esbuild-linux-riscv64: 0.15.13
      esbuild-linux-s390x: 0.15.13
      esbuild-netbsd-64: 0.15.13
      esbuild-openbsd-64: 0.15.13
      esbuild-sunos-64: 0.15.13
      esbuild-windows-32: 0.15.13
      esbuild-windows-64: 0.15.13
      esbuild-windows-arm64: 0.15.13

  /estree-walker/2.0.2:
    resolution: {integrity: sha512-Rfkk/Mp/DL7JVje3u18FxFujQlTNR2q6QfMSMB7AvCBx91NGj/ba3kCfza0f6dVDbw7YlRf/nDrn7pQrCCyQ/w==}

  /execa/5.1.1:
    resolution: {integrity: sha512-8uSpZZocAZRBAPIEINJj3Lo9HyGitllczc27Eh5YYojjMFMn8yHMDMaUHE2Jqfq05D/wucwI4JGURyXt1vchyg==}
    engines: {node: '>=10'}
    dependencies:
      cross-spawn: 7.0.3
      get-stream: 6.0.1
      human-signals: 2.1.0
      is-stream: 2.0.1
      merge-stream: 2.0.0
      npm-run-path: 4.0.1
      onetime: 5.1.2
      signal-exit: 3.0.7
      strip-final-newline: 2.0.0

  /fast-glob/3.2.12:
    resolution: {integrity: sha512-DVj4CQIYYow0BlaelwK1pHl5n5cRSJfM60UA0zK891sVInoPri2Ekj7+e1CT3/3qxXenpI+nBBmQAcJPJgaj4w==}
    engines: {node: '>=8.6.0'}
    dependencies:
      '@nodelib/fs.stat': 2.0.5
      '@nodelib/fs.walk': 1.2.8
      glob-parent: 5.1.2
      merge2: 1.4.1
      micromatch: 4.0.5

  /fastq/1.13.0:
    resolution: {integrity: sha512-YpkpUnK8od0o1hmeSc7UUs/eB/vIPWJYjKck2QKIzAf71Vm1AAQ3EbuZB3g2JIy+pg+ERD0vqI79KyZiB2e2Nw==}
    dependencies:
      reusify: 1.0.4

  /fill-range/7.0.1:
    resolution: {integrity: sha512-qOo9F+dMUmC2Lcb4BbVvnKJxTPjCm+RRpe4gDuGrzkL7mEVl/djYSu2OdQ2Pa302N4oqkSg9ir6jaLWJ2USVpQ==}
    engines: {node: '>=8'}
    dependencies:
      to-regex-range: 5.0.1

  /find-up/5.0.0:
    resolution: {integrity: sha512-78/PXT1wlLLDgTzDs7sjq9hzz0vXD+zn+7wypEe4fXQxCmdmqfGsEPQxmiCSQI3ajFV91bVSsvNtrJRiW6nGng==}
    engines: {node: '>=10'}
    dependencies:
      locate-path: 6.0.0
      path-exists: 4.0.0

  /follow-redirects/1.15.2:
    resolution: {integrity: sha512-VQLG33o04KaQ8uYi2tVNbdrWp1QWxNNea+nmIB4EVM28v0hmP17z7aG1+wAkNzVq4KeXTq3221ye5qTJP91JwA==}
    engines: {node: '>=4.0'}
    peerDependencies:
      debug: '*'
    peerDependenciesMeta:
      debug:
        optional: true
    dev: true

  /form-data/4.0.0:
    resolution: {integrity: sha512-ETEklSGi5t0QMZuiXoA/Q6vcnxcLQP5vdugSpuAyi6SVGi2clPPp+xgEhuMaHC+zGgn31Kd235W35f7Hykkaww==}
    engines: {node: '>= 6'}
    dependencies:
      asynckit: 0.4.0
      combined-stream: 1.0.8
      mime-types: 2.1.35
    dev: true

  /fsevents/2.3.2:
    resolution: {integrity: sha512-xiqMQR4xAeHTuB9uWm+fFRcIOgKBMiOBP+eXiyT7jsgVCq1bkVygt00oASowB7EdtpOHaaPgKt812P9ab+DDKA==}
    engines: {node: ^8.16.0 || ^10.6.0 || >=11.0.0}
    os: [darwin]
    requiresBuild: true
    optional: true

  /function-bind/1.1.1:
    resolution: {integrity: sha512-yIovAzMX49sF8Yl58fSCWJ5svSLuaibPxXQJFLmBObTuCr0Mf1KiPopGM9NiFjiYBCbfaa2Fh6breQ6ANVTI0A==}

  /get-intrinsic/1.1.3:
    resolution: {integrity: sha512-QJVz1Tj7MS099PevUG5jvnt9tSkXN8K14dxQlikJuPt4uD9hHAHjLyLBiLR5zELelBdD9QNRAXZzsJx0WaDL9A==}
    dependencies:
      function-bind: 1.1.1
      has: 1.0.3
      has-symbols: 1.0.3
    dev: true

  /get-stream/6.0.1:
    resolution: {integrity: sha512-ts6Wi+2j3jQjqi70w5AlN8DFnkSwC+MqmxEzdEALB2qXZYV3X/b1CTfgPLGJNMeAWxdPfU8FO1ms3NUfaHCPYg==}
    engines: {node: '>=10'}

  /glob-parent/5.1.2:
    resolution: {integrity: sha512-AOIgSQCepiJYwP3ARnGx+5VnTu2HBYdzbGP45eLw1vr3zB3vZLeyed1sC9hnbcOc9/SrMyM5RPQrkGz4aS9Zow==}
    engines: {node: '>= 6'}
    dependencies:
      is-glob: 4.0.3

  /gzip-size/6.0.0:
    resolution: {integrity: sha512-ax7ZYomf6jqPTQ4+XCpUGyXKHk5WweS+e05MBO4/y3WJ5RkmPXNKvX+bx1behVILVwr6JSQvZAku021CHPXG3Q==}
    engines: {node: '>=10'}
    dependencies:
      duplexer: 0.1.2

  /has-symbols/1.0.3:
    resolution: {integrity: sha512-l3LCuF6MgDNwTDKkdYGEihYjt5pRPbEg46rtlmnSPlUbgmB8LOIrKJbYYFBSbnPaJexMKtiPO8hmeRjRz2Td+A==}
    engines: {node: '>= 0.4'}
    dev: true

  /has/1.0.3:
    resolution: {integrity: sha512-f2dvO0VU6Oej7RkWJGrehjbzMAjFp5/VKPp5tTpWIV4JHHZK1/BxbFRtf/siA2SWTe09caDmVtYYzWEIbBS4zw==}
    engines: {node: '>= 0.4.0'}
    dependencies:
      function-bind: 1.1.1

  /human-signals/2.1.0:
    resolution: {integrity: sha512-B4FFZ6q/T2jhhksgkbEW3HBvWIfDW85snkQgawt07S7J5QXTk6BkNV+0yAeZrM5QpMAdYlocGoljn0sJ/WQkFw==}
    engines: {node: '>=10.17.0'}

  /is-binary-path/2.1.0:
    resolution: {integrity: sha512-ZMERYes6pDydyuGidse7OsHxtbI7WVeUEozgR/g7rd0xUimYNlvZRE/K2MgZTjWy725IfelLeVcEM97mmtRGXw==}
    engines: {node: '>=8'}
    dependencies:
      binary-extensions: 2.2.0

  /is-core-module/2.11.0:
    resolution: {integrity: sha512-RRjxlvLDkD1YJwDbroBHMb+cukurkDWNyHx7D3oNB5x9rb5ogcksMC5wHCadcXoo67gVr/+3GFySh3134zi6rw==}
    dependencies:
      has: 1.0.3

  /is-extglob/2.1.1:
    resolution: {integrity: sha512-SbKbANkN603Vi4jEZv49LeVJMn4yGwsbzZworEoyEiutsN3nJYdbO36zfhGJ6QEDpOZIFkDtnq5JRxmvl3jsoQ==}
    engines: {node: '>=0.10.0'}

  /is-glob/4.0.3:
    resolution: {integrity: sha512-xelSayHH36ZgE7ZWhli7pW34hNbNl8Ojv5KVmkJD4hBdD3th8Tfk9vYasLM+mXWOZhFkgZfxhLSnrwRr4elSSg==}
    engines: {node: '>=0.10.0'}
    dependencies:
      is-extglob: 2.1.1

  /is-number/7.0.0:
    resolution: {integrity: sha512-41Cifkg6e8TylSpdtTpeLVMqvSBEVzTttHvERD741+pnZ8ANv0004MRL43QKPDlK9cGvNp6NZWZUBlbGXYxxng==}
    engines: {node: '>=0.12.0'}

  /is-stream/2.0.1:
    resolution: {integrity: sha512-hFoiJiTl63nn+kstHGBtewWSKnQLpyb155KHheA1l39uvtO9nWIop1p3udqPcUd/xbF1VLMO4n7OI6p7RbngDg==}
    engines: {node: '>=8'}

  /isexe/2.0.0:
    resolution: {integrity: sha512-RHxMLp9lnKHGHRng9QFhRCMbYAcVpn69smSGcq3f36xjgVVWThj4qqLbTLlq7Ssj8B+fIQ1EuCEGI2lKsyQeIw==}

  /jiti/1.16.0:
    resolution: {integrity: sha512-L3BJStEf5NAqNuzrpfbN71dp43mYIcBUlCRea/vdyv5dW/AYa1d4bpelko4SHdY3I6eN9Wzyasxirj1/vv5kmg==}
    hasBin: true

  /kolorist/1.6.0:
    resolution: {integrity: sha512-dLkz37Ab97HWMx9KTes3Tbi3D1ln9fCAy2zr2YVExJasDRPGRaKcoE4fycWNtnCAJfjFqe0cnY+f8KT2JePEXQ==}

  /laravel-vite-plugin/0.6.1_vite@3.2.3:
    resolution: {integrity: sha512-L8zt+bttm6+C0mo3an5J8wRW03SsjbTEouGb3bH2jj/XclFVAX/xEUkG9efhdRHjbEH5RY6cmdJ7bmf7zqjwIQ==}
    engines: {node: '>=14'}
    peerDependencies:
      vite: ^3.0.0
    dependencies:
      vite: 3.2.3
      vite-plugin-full-reload: 1.0.4_vite@3.2.3
    dev: true

  /local-pkg/0.4.2:
    resolution: {integrity: sha512-mlERgSPrbxU3BP4qBqAvvwlgW4MTg78iwJdGGnv7kibKjWcJksrG3t6LB5lXI93wXRDvG4NpUgJFmTG4T6rdrg==}
    engines: {node: '>=14'}

  /locate-path/6.0.0:
    resolution: {integrity: sha512-iPZK6eYjbxRu3uB4/WZ3EsEIMJFMqAoopl3R+zuq0UjcAm/MO6KCweDgPfP3elTztoKP3KtnVHxTn2NHBSDVUw==}
    engines: {node: '>=10'}
    dependencies:
      p-locate: 5.0.0

  /lodash.clonedeep/4.5.0:
    resolution: {integrity: sha512-H5ZhCF25riFd9uB5UCkVKo61m3S/xZk1x4wA6yp/L3RFP6Z/eHH1ymQcGLo7J3GMPfm0V/7m1tryHuGVxpqEBQ==}
    dev: true

  /lodash.isequal/4.5.0:
    resolution: {integrity: sha512-pDo3lu8Jhfjqls6GkMgpahsF9kCyayhgykjyLMNFTKWrpVdAQtYyB4muAMWozBB4ig/dtWAmsMxLEI8wuz+DYQ==}
    dev: true

  /lodash/4.17.21:
    resolution: {integrity: sha512-v2kDEe57lecTulaDIuNTPy3Ry4gLGJ6Z1O3vE1krgXZNrsQ+LFTGHVxVjcXPs17LhbZVGedAJv8XZ1tvj5FvSg==}
    dev: true

  /magic-string/0.25.9:
    resolution: {integrity: sha512-RmF0AsMzgt25qzqqLc1+MbHmhdx0ojF2Fvs4XnOqz2ZOBXzzkEwc/dJQZCYHAn7v1jbVOjAZfK8msRn4BxO4VQ==}
    dependencies:
      sourcemap-codec: 1.4.8
    dev: true

  /magic-string/0.26.7:
    resolution: {integrity: sha512-hX9XH3ziStPoPhJxLq1syWuZMxbDvGNbVchfrdCtanC7D13888bMFow61x8axrx+GfHLtVeAx2kxL7tTGRl+Ow==}
    engines: {node: '>=12'}
    dependencies:
      sourcemap-codec: 1.4.8

  /mdn-data/2.0.28:
    resolution: {integrity: sha512-aylIc7Z9y4yzHYAJNuESG3hfhC+0Ibp/MAMiaOZgNv4pmEdFyfZhhhny4MNiAfWdBQ1RQ2mfDWmM1x8SvGyp8g==}

  /merge-stream/2.0.0:
    resolution: {integrity: sha512-abv/qOcuPfk3URPfDzmZU1LKmuw8kT+0nIHvKrKgFrwifol/doWcdA4ZqsWQ8ENrFKkd67Mfpo/LovbIUsbt3w==}

  /merge2/1.4.1:
    resolution: {integrity: sha512-8q7VEgMJW4J8tcfVPy8g09NcQwZdbwFEqhe/WZkoIzjn/3TGDwtOCYtXGxA3O8tPzpczCCDgv+P2P5y00ZJOOg==}
    engines: {node: '>= 8'}

  /micromatch/4.0.5:
    resolution: {integrity: sha512-DMy+ERcEW2q8Z2Po+WNXuw3c5YaUSFjAO5GsJqfEl7UjvtIuFKO6ZrKvcItdy98dwFI2N1tg3zNIdKaQT+aNdA==}
    engines: {node: '>=8.6'}
    dependencies:
      braces: 3.0.2
      picomatch: 2.3.1

  /mime-db/1.52.0:
    resolution: {integrity: sha512-sPU4uV7dYlvtWJxwwxHD0PuihVNiE7TyAbQ5SWxDCB9mUYvOgroQOwYQQOKPJ8CIbE+1ETVlOoK1UC2nU3gYvg==}
    engines: {node: '>= 0.6'}
    dev: true

  /mime-types/2.1.35:
    resolution: {integrity: sha512-ZDY+bPm5zTTF+YpCrAU9nK0UgICYPT0QtT1NZWFv4s++TNkcgVaT0g6+4R2uI4MjQjzysHB1zxuWL50hzaeXiw==}
    engines: {node: '>= 0.6'}
    dependencies:
      mime-db: 1.52.0
    dev: true

  /mimic-fn/2.1.0:
    resolution: {integrity: sha512-OqbOk5oEQeAZ8WXWydlu9HJjz9WVdEIvamMCcXmuqUYjTknH/sqsWvhQ3vgwKFRR1HpjvNBKQ37nbJgYzGqGcg==}
    engines: {node: '>=6'}

  /mini-svg-data-uri/1.4.4:
    resolution: {integrity: sha512-r9deDe9p5FJUPZAk3A59wGH7Ii9YrjjWw0jmw/liSbHl2CHiyXj6FcDXDu2K3TjVAXqiJdaw3xxwlZZr9E6nHg==}
    hasBin: true
    dev: false

  /mrmime/1.0.1:
    resolution: {integrity: sha512-hzzEagAgDyoU1Q6yg5uI+AorQgdvMCur3FcKf7NhMKWsaYg+RnbTyHRa/9IlLF9rf455MOCtcqqrQQ83pPP7Uw==}
    engines: {node: '>=10'}

  /ms/2.1.2:
    resolution: {integrity: sha512-sGkPx+VjMtmA6MX27oA4FBFELFCZZ4S4XqeGOXCv68tT+jb3vk/RyaKWP0PTKyWtmLSM0b+adUTEvbs1PEaH2w==}

  /nanoid/3.3.4:
    resolution: {integrity: sha512-MqBkQh/OHTS2egovRtLk45wEyNXwF+cokD+1YPf9u5VfJiRdAiRwB2froX5Co9Rh20xs4siNPm8naNotSD6RBw==}
    engines: {node: ^10 || ^12 || ^13.7 || ^14 || >=15.0.1}
    hasBin: true

  /node-fetch-native/0.1.8:
    resolution: {integrity: sha512-ZNaury9r0NxaT2oL65GvdGDy+5PlSaHTovT6JV5tOW07k1TQmgC0olZETa4C9KZg0+6zBr99ctTYa3Utqj9P/Q==}

  /normalize-path/3.0.0:
    resolution: {integrity: sha512-6eZs5Ls3WtCisHWp9S2GUy8dqkpGi4BVSz3GaqiE6ezub0512ESztXUwUB6C6IKbQkY2Pnb/mD4WYojCRwcwLA==}
    engines: {node: '>=0.10.0'}

  /npm-run-path/4.0.1:
    resolution: {integrity: sha512-S48WzZW777zhNIrn7gxOlISNAqi9ZC/uQFnRdbeIHhZhCA6UqpkOT8T1G7BvfdgP4Er8gF4sUbaS0i7QvIfCWw==}
    engines: {node: '>=8'}
    dependencies:
      path-key: 3.1.1

  /nprogress/0.2.0:
    resolution: {integrity: sha512-I19aIingLgR1fmhftnbWWO3dXc0hSxqHQHQb3H8m+K3TnEn/iSeTZZOyvKXWqQESMwuUVnatlCnZdLBZZt2VSA==}
    dev: true

  /object-inspect/1.12.2:
    resolution: {integrity: sha512-z+cPxW0QGUp0mcqcsgQyLVRDoXFQbXOwBaqyF7VIgI4TWNQsDHrBpUQslRmIfAoYWdYzs6UlKJtB2XJpTaNSpQ==}
    dev: true

  /ohmyfetch/0.4.21:
    resolution: {integrity: sha512-VG7f/JRvqvBOYvL0tHyEIEG7XHWm7OqIfAs6/HqwWwDfjiJ1g0huIpe5sFEmyb+7hpFa1EGNH2aERWR72tlClw==}
    dependencies:
      destr: 1.2.0
      node-fetch-native: 0.1.8
      ufo: 0.8.6
      undici: 5.12.0

  /onetime/5.1.2:
    resolution: {integrity: sha512-kbpaSSGJTWdAY5KPVeMOKXSrPtr8C8C7wodJbcsd51jRnmD+GZu8Y0VoU6Dm5Z4vWr0Ig/1NKuWRKf7j5aaYSg==}
    engines: {node: '>=6'}
    dependencies:
      mimic-fn: 2.1.0

  /p-limit/3.1.0:
    resolution: {integrity: sha512-TYOanM3wGwNGsZN2cVTYPArw454xnXj5qmWF1bEoAc4+cU/ol7GVh7odevjp1FNHduHc3KZMcFduxU5Xc6uJRQ==}
    engines: {node: '>=10'}
    dependencies:
      yocto-queue: 0.1.0

  /p-locate/5.0.0:
    resolution: {integrity: sha512-LaNjtRWUBY++zB5nE/NwcaoMylSPk+S+ZHNB1TzdbMJMny6dynpAGt7X/tl/QYq3TIeE6nxHppbo2LGymrG5Pw==}
    engines: {node: '>=10'}
    dependencies:
      p-limit: 3.1.0

  /path-exists/4.0.0:
    resolution: {integrity: sha512-ak9Qy5Q7jYb2Wwcey5Fpvg2KoAc/ZIhLSLOSBmRmygPsGwkVVt0fZa0qrtMz+m6tJTAHfZQ8FnmB4MG4LWy7/w==}
    engines: {node: '>=8'}

  /path-key/3.1.1:
    resolution: {integrity: sha512-ojmeN0qd+y0jszEtoY48r0Peq5dwMEkIlCOu6Q5f41lfkswXuKtYrhgoTpLnyIcHm24Uhqx+5Tqm2InSwLhE6Q==}
    engines: {node: '>=8'}

  /path-parse/1.0.7:
    resolution: {integrity: sha512-LDJzPVEEEPR+y48z93A0Ed0yXb8pAByGWo/k5YYdYgpY2/2EsOsksJrq7lOHxryrVOn1ejG6oAp8ahvOIQD8sw==}

  /pathe/0.3.9:
    resolution: {integrity: sha512-6Y6s0vT112P3jD8dGfuS6r+lpa0qqNrLyHPOwvXMnyNTQaYiwgau2DP3aNDsR13xqtGj7rrPo+jFUATpU6/s+g==}

  /perfect-debounce/0.1.3:
    resolution: {integrity: sha512-NOT9AcKiDGpnV/HBhI22Str++XWcErO/bALvHCuhv33owZW/CjH8KAFLZDCmu3727sihe0wTxpDhyGc6M8qacQ==}

  /picocolors/1.0.0:
    resolution: {integrity: sha512-1fygroTLlHu66zi26VoTDv8yRgm0Fccecssto+MhsZ0D/DGW2sm8E8AjW7NU5VVTRt5GxbeZ5qBuJr+HyLYkjQ==}

  /picomatch/2.3.1:
    resolution: {integrity: sha512-JU3teHTNjmE2VCGFzuY8EXzCDVwEqB2a8fsIvwaStHhAWJEeVd1o1QD80CU6+ZdEXXSLbSsuLwJjkCBWqRQUVA==}
    engines: {node: '>=8.6'}

  /postcss/8.4.18:
    resolution: {integrity: sha512-Wi8mWhncLJm11GATDaQKobXSNEYGUHeQLiQqDFG1qQ5UTDPTEvKw0Xt5NsTpktGTwLps3ByrWsBrG0rB8YQ9oA==}
    engines: {node: ^10 || ^12 || >=14}
    dependencies:
      nanoid: 3.3.4
      picocolors: 1.0.0
      source-map-js: 1.0.2

  /proxy-from-env/1.1.0:
    resolution: {integrity: sha512-D+zkORCbA9f1tdWRK0RaCR3GPv50cMxcrz4X8k5LTSUD1Dkw47mKJEZQNunItRTkWwgtaUSo1RVFRIG9ZXiFYg==}
    dev: true

  /qs/6.11.0:
    resolution: {integrity: sha512-MvjoMCJwEarSbUYk5O+nmoSzSutSsTwF85zcHPQ9OrlFoZOYIjaqBAJIqIXjptyD5vThxGq52Xu/MaJzRkIk4Q==}
    engines: {node: '>=0.6'}
    dependencies:
      side-channel: 1.0.4
    dev: true

  /queue-microtask/1.2.3:
    resolution: {integrity: sha512-NuaNSa6flKT5JaSYQzJok04JzTL1CA6aGhv5rfLW3PgqA+M2ChpZQnAC8h8i4ZFkBS8X5RqkDBHA7r4hej3K9A==}

  /readdirp/3.6.0:
    resolution: {integrity: sha512-hOS089on8RduqdbhvQ5Z37A0ESjsqz6qnRcffsMU3495FuTdqSm+7bhJ29JvIOsBDEEnan5DPu9t3To9VRlMzA==}
    engines: {node: '>=8.10.0'}
    dependencies:
      picomatch: 2.3.1

  /resolve/1.22.1:
    resolution: {integrity: sha512-nBpuuYuY5jFsli/JIs1oldw6fOQCBioohqWZg/2hiaOybXOft4lonv85uDOKXdf8rhyK159cxU5cDcK/NKk8zw==}
    hasBin: true
    dependencies:
      is-core-module: 2.11.0
      path-parse: 1.0.7
      supports-preserve-symlinks-flag: 1.0.0

  /reusify/1.0.4:
    resolution: {integrity: sha512-U9nH88a3fc/ekCF1l0/UP1IosiuIjyTh7hBvXVMHYgVcfGvt897Xguj2UOLDeI5BG2m7/uwyaLVT6fbtCwTyzw==}
    engines: {iojs: '>=1.0.0', node: '>=0.10.0'}

  /rollup/2.79.1:
    resolution: {integrity: sha512-uKxbd0IhMZOhjAiD5oAFp7BqvkA4Dv47qpOCtaNvng4HBwdbWtdOh8f5nZNuk2rp51PMGk3bzfWu5oayNEuYnw==}
    engines: {node: '>=10.0.0'}
    hasBin: true
    optionalDependencies:
      fsevents: 2.3.2

  /run-parallel/1.2.0:
    resolution: {integrity: sha512-5l4VyZR86LZ/lDxZTR6jqL8AFE2S0IFLMP26AbjsLVADxHdhB/c0GUsH+y39UfCi3dzz8OlQuPmnaJOMoDHQBA==}
    dependencies:
      queue-microtask: 1.2.3

  /shebang-command/2.0.0:
    resolution: {integrity: sha512-kHxr2zZpYtdmrN1qDjrrX/Z1rR1kG8Dx+gkpK1G4eXmvXswmcE1hTWBWYUzlraYw1/yZp6YuDY77YtvbN0dmDA==}
    engines: {node: '>=8'}
    dependencies:
      shebang-regex: 3.0.0

  /shebang-regex/3.0.0:
    resolution: {integrity: sha512-7++dFhtcx3353uBaq8DDR4NuxBetBzC7ZQOhmTQInHEd6bSrXdiEyzCvG07Z44UYdLShWUyXt5M/yhz8ekcb1A==}
    engines: {node: '>=8'}

  /side-channel/1.0.4:
    resolution: {integrity: sha512-q5XPytqFEIKHkGdiMIrY10mvLRvnQh42/+GoBlFW3b2LXLE2xxJpZFdm94we0BaoV3RwJyGqg5wS7epxTv0Zvw==}
    dependencies:
      call-bind: 1.0.2
      get-intrinsic: 1.1.3
      object-inspect: 1.12.2
    dev: true

  /signal-exit/3.0.7:
    resolution: {integrity: sha512-wnD2ZE+l+SPC/uoS0vXeE9L1+0wuaMqKlfz9AMUo38JsyLSBWSFcHR1Rri62LZc12vLr1gb3jl7iwQhgwpAbGQ==}

  /sirv/2.0.2:
    resolution: {integrity: sha512-4Qog6aE29nIjAOKe/wowFTxOdmbEZKb+3tsLljaBRzJwtqto0BChD2zzH0LhgCSXiI+V7X+Y45v14wBZQ1TK3w==}
    engines: {node: '>= 10'}
    dependencies:
      '@polka/url': 1.0.0-next.21
      mrmime: 1.0.1
      totalist: 3.0.0

  /source-map-js/1.0.2:
    resolution: {integrity: sha512-R0XvVJ9WusLiqTCEiGCmICCMplcCkIwwR11mOSD9CR5u+IXYdiseeEuXCVAjS54zqwkLcPNnmU4OeJ6tUrWhDw==}
    engines: {node: '>=0.10.0'}

  /source-map/0.6.1:
    resolution: {integrity: sha512-UjgapumWlbMhkBgzT7Ykc5YXUT46F0iKu8SGXq0bcwP5dz/h0Plj6enJqjz1Zbq2l5WaqYnrVbwWOWMyF3F47g==}
    engines: {node: '>=0.10.0'}
    dev: true

  /sourcemap-codec/1.4.8:
    resolution: {integrity: sha512-9NykojV5Uih4lgo5So5dtw+f0JgJX30KCNI8gwhz2J9A15wD0Ml6tjHKwf6fTSa6fAdVBdZeNOs9eJ71qCk8vA==}

  /streamsearch/1.1.0:
    resolution: {integrity: sha512-Mcc5wHehp9aXz1ax6bZUyY5afg9u2rv5cqQI3mRrYkGC8rW2hM02jWuwjtL++LS5qinSyhj2QfLyNsuc+VsExg==}
    engines: {node: '>=10.0.0'}

  /strip-final-newline/2.0.0:
    resolution: {integrity: sha512-BrpvfNAE3dcvq7ll3xVumzjKjZQ5tI1sEUIKr3Uoks0XUl45St3FlatVqef9prk4jRDzhW6WZg+3bk93y6pLjA==}
    engines: {node: '>=6'}

  /supports-preserve-symlinks-flag/1.0.0:
    resolution: {integrity: sha512-ot0WnXS9fgdkgIcePe6RHNk1WA8+muPa6cSjeR3V8K27q9BB1rTE3R1p7Hv0z1ZyAc8s6Vvv8DIyWf681MAt0w==}
    engines: {node: '>= 0.4'}

  /to-fast-properties/2.0.0:
    resolution: {integrity: sha512-/OaKK0xYrs3DmxRYqL/yDc+FxFUVYhDlXMhRmv3z915w2HF1tnN1omB354j8VUGO/hbRzyD6Y3sA7v7GS/ceog==}
    engines: {node: '>=4'}
    dev: true

  /to-regex-range/5.0.1:
    resolution: {integrity: sha512-65P7iz6X5yEr1cwcgvQxbbIw7Uk3gOy5dIdtZ4rDveLqhrdJP+Li/Hx6tyK0NEb+2GCyneCMJiGqrADCSNk8sQ==}
    engines: {node: '>=8.0'}
    dependencies:
      is-number: 7.0.0

  /totalist/3.0.0:
    resolution: {integrity: sha512-eM+pCBxXO/njtF7vdFsHuqb+ElbxqtI4r5EAvk6grfAFyJ6IvWlSkfZ5T9ozC6xWw3Fj1fGoSmrl0gUs46JVIw==}
    engines: {node: '>=6'}

  /ufo/0.8.6:
    resolution: {integrity: sha512-fk6CmUgwKCfX79EzcDQQpSCMxrHstvbLswFChHS0Vump+kFkw7nJBfTZoC1j0bOGoY9I7R3n2DGek5ajbcYnOw==}

  /unconfig/0.3.7:
    resolution: {integrity: sha512-1589b7oGa8ILBYpta7TndM5mLHLzHUqBfhszeZxuUBrjO/RoQ52VGVWsS3w0C0GLNxO9RPmqkf6BmIvBApaRdA==}
    dependencies:
      '@antfu/utils': 0.5.2
      defu: 6.1.0
      jiti: 1.16.0

  /undici/5.12.0:
    resolution: {integrity: sha512-zMLamCG62PGjd9HHMpo05bSLvvwWOZgGeiWlN/vlqu3+lRo3elxktVGEyLMX+IO7c2eflLjcW74AlkhEZm15mg==}
    engines: {node: '>=12.18'}
    dependencies:
      busboy: 1.6.0

  /unocss-preset-extra/0.4.3_unocss@0.46.3:
    resolution: {integrity: sha512-22E70ah0ziSS9mOzyfxnC9DsWvlcyvRkZTu9Bq8m7Cis2O7T/riqJHdp95ybiSLNqhoq9nqUlfLkHpi7XCvZ6w==}
    peerDependencies:
      unocss: '>= 0.31.0 < 1'
    dependencies:
      unocss: 0.46.3_vite@3.2.3
    dev: true

  /unocss-preset-scrollbar/0.2.1_unocss@0.46.3:
    resolution: {integrity: sha512-7ubHdOaUwr7xBn1glPpICNNsM2SZGjvWK5uRPNiQYsrZ9YFjsCGHk9x5S2R8pTkuMDQeiaSa/UQbYhjC8Fra5g==}
    peerDependencies:
      unocss: '>= 0.31.13 < 1'
    dependencies:
      '@unocss/preset-mini': 0.31.17
      unocss: 0.46.3_vite@3.2.3
    dev: true

  /unocss/0.46.3_vite@3.2.3:
    resolution: {integrity: sha512-9ICDcmCkNH2jp6NVR7kMYe4rvfIc4INv7u5g4G2yQx00YYfGc8PCY7VqWlJsHoD7eUuqUOSwBbd9gsg3cvNn4A==}
    engines: {node: '>=14'}
    peerDependencies:
      '@unocss/webpack': 0.46.3
    peerDependenciesMeta:
      '@unocss/webpack':
        optional: true
    dependencies:
      '@unocss/astro': 0.46.3_vite@3.2.3
      '@unocss/cli': 0.46.3
      '@unocss/core': 0.46.3
      '@unocss/preset-attributify': 0.46.3
      '@unocss/preset-icons': 0.46.3
      '@unocss/preset-mini': 0.46.3
      '@unocss/preset-tagify': 0.46.3
      '@unocss/preset-typography': 0.46.3
      '@unocss/preset-uno': 0.46.3
      '@unocss/preset-web-fonts': 0.46.3
      '@unocss/preset-wind': 0.46.3
      '@unocss/reset': 0.46.3
      '@unocss/transformer-attributify-jsx': 0.46.3
      '@unocss/transformer-compile-class': 0.46.3
      '@unocss/transformer-directives': 0.46.3
      '@unocss/transformer-variant-group': 0.46.3
      '@unocss/vite': 0.46.3_vite@3.2.3
    transitivePeerDependencies:
      - rollup
      - supports-color
      - vite

  /vite-plugin-full-reload/1.0.4_vite@3.2.3:
    resolution: {integrity: sha512-9WejQII6zJ++m/YE173Zvl2jq4cqa404KNrVT+JDzDnqaGRq5UvOvA48fnsSWPIMXFV7S0dq5+sZqcSB+tKBgA==}
    peerDependencies:
      vite: ^2 || ^3
    dependencies:
      picocolors: 1.0.0
      picomatch: 2.3.1
      vite: 3.2.3
    dev: true

  /vite/3.2.3:
    resolution: {integrity: sha512-h8jl1TZ76eGs3o2dIBSsvXDLb1m/Ec1iej8ZMdz+PsaFUsftZeWe2CZOI3qogEsMNaywc17gu0q6cQDzh/weCQ==}
    engines: {node: ^14.18.0 || >=16.0.0}
    hasBin: true
    peerDependencies:
      '@types/node': '>= 14'
      less: '*'
      sass: '*'
      stylus: '*'
      sugarss: '*'
      terser: ^5.4.0
    peerDependenciesMeta:
      '@types/node':
        optional: true
      less:
        optional: true
      sass:
        optional: true
      stylus:
        optional: true
      sugarss:
        optional: true
      terser:
        optional: true
    dependencies:
      esbuild: 0.15.13
      postcss: 8.4.18
      resolve: 1.22.1
      rollup: 2.79.1
    optionalDependencies:
      fsevents: 2.3.2

  /vue/3.2.42:
    resolution: {integrity: sha512-gH7e5YD9IkX9Lv0QmB+Z7Jac2t7GYHg2AZrgkzQdCmyaUIdSbp6DhdeTM5HO6JbPuRgD1Iu06N9MXxjJ//NnNQ==}
    dependencies:
      '@vue/compiler-dom': 3.2.42
      '@vue/compiler-sfc': 3.2.42
      '@vue/runtime-dom': 3.2.42
      '@vue/server-renderer': 3.2.42_vue@3.2.42
      '@vue/shared': 3.2.42
    dev: true

  /which/2.0.2:
    resolution: {integrity: sha512-BLI3Tl1TW3Pvl70l3yq3Y64i+awpwXqsGBYWkkqMtnbXgrMD+yj7rhW0kuEDxzJaYXGjEW5ogapKNMEKNMjibA==}
    engines: {node: '>= 8'}
    hasBin: true
    dependencies:
      isexe: 2.0.0

  /yocto-queue/0.1.0:
    resolution: {integrity: sha512-rVksvsnNCdJ/ohGc6xgPwyN8eheCxsiLM8mxuE/t/mOVqJewPuO1miLpTHQiRgTKCLexL4MeAFVagts7HmNZ2Q==}
    engines: {node: '>=10'}
